
Microsoft Visual Studio Solution File, Format Version 12.00
# Visual Studio Version 16
VisualStudioVersion = 16.0.810.10
MinimumVisualStudioVersion = 10.0.40219.1
Project("{FAE04EC0-301F-11D3-BF4B-00C04F79EFBC}") = "MachineCafeProject.Android", "MachineCafeProject.Android\MachineCafeProject.Android.csproj", "{4D3CB61E-2289-4114-89F6-2F8AB757A4CB}"
EndProject
Project("{FAE04EC0-301F-11D3-BF4B-00C04F79EFBC}") = "MachineCafeProject.iOS", "MachineCafeProject.iOS\MachineCafeProject.iOS.csproj", "{65A8C5E6-AEFD-48C7-BE39-5B43DB1D9726}"
EndProject
Project("{FAE04EC0-301F-11D3-BF4B-00C04F79EFBC}") = "MachineCafeProject", "MachineCafeProject\MachineCafeProject.csproj", "{C617F4D1-E1E0-44F5-B1B7-8ED6D2FC61DF}"
EndProject
Global
	GlobalSection(SolutionConfigurationPlatforms) = preSolution
		Debug|Any CPU = Debug|Any CPU
		Release|Any CPU = Release|Any CPU
		Debug|iPhoneSimulator = Debug|iPhoneSimulator
		Release|iPhoneSimulator = Release|iPhoneSimulator
		Debug|iPhone = Debug|iPhone
		Release|iPhone = Release|iPhone
	EndGlobalSection
	GlobalSection(ProjectConfigurationPlatforms) = postSolution
		{4D3CB61E-2289-4114-89F6-2F8AB757A4CB}.Debug|Any CPU.ActiveCfg = Debug|Any CPU
		{4D3CB61E-2289-4114-89F6-2F8AB757A4CB}.Debug|Any CPU.Build.0 = Debug|Any CPU
		{4D3CB61E-2289-4114-89F6-2F8AB757A4CB}.Release|Any CPU.ActiveCfg = Release|Any CPU
		{4D3CB61E-2289-4114-89F6-2F8AB757A4CB}.Release|Any CPU.Build.0 = Release|Any CPU
		{4D3CB61E-2289-4114-89F6-2F8AB757A4CB}.Debug|iPhoneSimulator.ActiveCfg = Debug|Any CPU
		{4D3CB61E-2289-4114-89F6-2F8AB757A4CB}.Debug|iPhoneSimulator.Build.0 = Debug|Any CPU
		{4D3CB61E-2289-4114-89F6-2F8AB757A4CB}.Release|iPhoneSimulator.ActiveCfg = Release|Any CPU
		{4D3CB61E-2289-4114-89F6-2F8AB757A4CB}.Release|iPhoneSimulator.Build.0 = Release|Any CPU
		{4D3CB61E-2289-4114-89F6-2F8AB757A4CB}.Debug|iPhone.ActiveCfg = Debug|Any CPU
		{4D3CB61E-2289-4114-89F6-2F8AB757A4CB}.Debug|iPhone.Build.0 = Debug|Any CPU
		{4D3CB61E-2289-4114-89F6-2F8AB757A4CB}.Release|iPhone.ActiveCfg = Release|Any CPU
		{4D3CB61E-2289-4114-89F6-2F8AB757A4CB}.Release|iPhone.Build.0 = Release|Any CPU
		{65A8C5E6-AEFD-48C7-BE39-5B43DB1D9726}.Debug|Any CPU.ActiveCfg = Debug|iPhoneSimulator
		{65A8C5E6-AEFD-48C7-BE39-5B43DB1D9726}.Debug|Any CPU.Build.0 = Debug|iPhoneSimulator
		{65A8C5E6-AEFD-48C7-BE39-5B43DB1D9726}.Release|Any CPU.ActiveCfg = Release|iPhoneSimulator
		{65A8C5E6-AEFD-48C7-BE39-5B43DB1D9726}.Release|Any CPU.Build.0 = Release|iPhoneSimulator
		{65A8C5E6-AEFD-48C7-BE39-5B43DB1D9726}.Debug|iPhoneSimulator.ActiveCfg = Debug|iPhoneSimulator
		{65A8C5E6-AEFD-48C7-BE39-5B43DB1D9726}.Debug|iPhoneSimulator.Build.0 = Debug|iPhoneSimulator
		{65A8C5E6-AEFD-48C7-BE39-5B43DB1D9726}.Release|iPhoneSimulator.ActiveCfg = Release|iPhoneSimulator
		{65A8C5E6-AEFD-48C7-BE39-5B43DB1D9726}.Release|iPhoneSimulator.Build.0 = Release|iPhoneSimulator
		{65A8C5E6-AEFD-48C7-BE39-5B43DB1D9726}.Debug|iPhone.ActiveCfg = Debug|iPhone
		{65A8C5E6-AEFD-48C7-BE39-5B43DB1D9726}.Debug|iPhone.Build.0 = Debug|iPhone
		{65A8C5E6-AEFD-48C7-BE39-5B43DB1D9726}.Release|iPhone.ActiveCfg = Release|iPhone
		{65A8C5E6-AEFD-48C7-BE39-5B43DB1D9726}.Release|iPhone.Build.0 = Release|iPhone
		{C617F4D1-E1E0-44F5-B1B7-8ED6D2FC61DF}.Debug|Any CPU.ActiveCfg = Debug|Any CPU
		{C617F4D1-E1E0-44F5-B1B7-8ED6D2FC61DF}.Debug|Any CPU.Build.0 = Debug|Any CPU
		{C617F4D1-E1E0-44F5-B1B7-8ED6D2FC61DF}.Release|Any CPU.ActiveCfg = Release|Any CPU
		{C617F4D1-E1E0-44F5-B1B7-8ED6D2FC61DF}.Release|Any CPU.Build.0 = Release|Any CPU
		{C617F4D1-E1E0-44F5-B1B7-8ED6D2FC61DF}.Debug|iPhoneSimulator.ActiveCfg = Debug|Any CPU
		{C617F4D1-E1E0-44F5-B1B7-8ED6D2FC61DF}.Debug|iPhoneSimulator.Build.0 = Debug|Any CPU
		{C617F4D1-E1E0-44F5-B1B7-8ED6D2FC61DF}.Release|iPhoneSimulator.ActiveCfg = Release|Any CPU
		{C617F4D1-E1E0-44F5-B1B7-8ED6D2FC61DF}.Release|iPhoneSimulator.Build.0 = Release|Any CPU
		{C617F4D1-E1E0-44F5-B1B7-8ED6D2FC61DF}.Debug|iPhone.ActiveCfg = Debug|Any CPU
		{C617F4D1-E1E0-44F5-B1B7-8ED6D2FC61DF}.Debug|iPhone.Build.0 = Debug|Any CPU
		{C617F4D1-E1E0-44F5-B1B7-8ED6D2FC61DF}.Release|iPhone.ActiveCfg = Release|Any CPU
		{C617F4D1-E1E0-44F5-B1B7-8ED6D2FC61DF}.Release|iPhone.Build.0 = Release|Any CPU
	EndGlobalSection
	GlobalSection(SolutionProperties) = preSolution
		HideSolutionNode = FALSE
	EndGlobalSection
	GlobalSection(ExtensibilityGlobals) = postSolution
		SolutionGuid = {CBB83E4F-36F1-487E-AAAE-A6C77DAA80F3}
	EndGlobalSection
EndGlobal
